lockfileVersion: '9.0'

settings:
  autoInstallPeers: true
  excludeLinksFromLockfile: false

importers:

  .:
    dependencies:
      '@notionhq/client':
        specifier: ^4.0.1
        version: 4.0.1
      dotenv:
        specifier: ^17.2.1
        version: 17.2.1

packages:

  '@notionhq/client@4.0.1':
    resolution: {integrity: sha512-SdILqiiThECLR2KDUOvl4JqRaJWBwDYaEw/f0qu+G6rKN/QUCkaJ84vN5MgBw1yKsMAsKxBlDazs3Jw6vv2ikA==}
    engines: {node: '>=18'}

  dotenv@17.2.1:
    resolution: {integrity: sha512-kQhDYKZecqnM0fCnzI5eIv5L4cAe/iRI+HqMbO/hbRdTAeXDG+M9FjipUxNfbARuEg4iHIbhnhs78BCHNbSxEQ==}
    engines: {node: '>=12'}

snapshots:

  '@notionhq/client@4.0.1': {}

  dotenv@17.2.1: {}
